<?xml version="1.0" encoding="utf-8"?>
<Project ToolsVersion="4.0" xmlns="http://schemas.microsoft.com/developer/msbuild/2003">
  <ItemGroup>
    <Filter Include="源文件">
      <UniqueIdentifier>{4FC737F1-C7A5-4376-A066-2A32D752A2FF}</UniqueIdentifier>
      <Extensions>cpp;c;cc;cxx;def;odl;idl;hpj;bat;asm;asmx</Extensions>
    </Filter>
    <Filter Include="头文件">
      <UniqueIdentifier>{93995380-89BD-4b04-88EB-625FBE52EBFB}</UniqueIdentifier>
      <Extensions>h;hh;hpp;hxx;hm;inl;inc;ipp;xsd</Extensions>
    </Filter>
    <Filter Include="资源文件">
      <UniqueIdentifier>{67DA6AB6-F800-4c08-8B7A-83BB121AAD01}</UniqueIdentifier>
      <Extensions>rc;ico;cur;bmp;dlg;rc2;rct;bin;rgs;gif;jpg;jpeg;jpe;resx;tiff;tif;png;wav;mfcribbon-ms</Extensions>
    </Filter>
  </ItemGroup>
  <ItemGroup>
    <ClCompile Include="运行.cpp">
      <Filter>源文件</Filter>
    </ClCompile>
    <ClCompile Include="implement.cpp">
      <Filter>源文件</Filter>
    </ClCompile>
  </ItemGroup>
  <ItemGroup>
    <ClInclude Include="Minesweeper.h">
      <Filter>头文件</Filter>
    </ClInclude>
    <ClInclude Include="resource.h">
      <Filter>头文件</Filter>
    </ClInclude>
  </ItemGroup>
  <ItemGroup>
    <Image Include="block chosen.jpg">
      <Filter>资源文件</Filter>
    </Image>
    <Image Include="block normal.jpg">
      <Filter>资源文件</Filter>
    </Image>
    <Image Include="flag.jpg">
      <Filter>资源文件</Filter>
    </Image>
    <Image Include="number 1.jpg">
      <Filter>资源文件</Filter>
    </Image>
    <Image Include="number 2.jpg">
      <Filter>资源文件</Filter>
    </Image>
    <Image Include="number 3.jpg">
      <Filter>资源文件</Filter>
    </Image>
    <Image Include="number 4.jpg">
      <Filter>资源文件</Filter>
    </Image>
    <Image Include="number 5.jpg">
      <Filter>资源文件</Filter>
    </Image>
    <Image Include="number 6.jpg">
      <Filter>资源文件</Filter>
    </Image>
    <Image Include="number 7.jpg">
      <Filter>资源文件</Filter>
    </Image>
    <Image Include="number 8.jpg">
      <Filter>资源文件</Filter>
    </Image>
    <Image Include="empty.jpg">
      <Filter>资源文件</Filter>
    </Image>
    <Image Include="mine.jpg">
      <Filter>资源文件</Filter>
    </Image>
    <Image Include="Manu.jpg">
      <Filter>资源文件</Filter>
    </Image>
    <Image Include="Very Easy Chosen.jpg">
      <Filter>资源文件</Filter>
    </Image>
    <Image Include="Very Easy normal.jpg">
      <Filter>资源文件</Filter>
    </Image>
    <Image Include="hard normal.jpg">
      <Filter>资源文件</Filter>
    </Image>
    <Image Include="casual chosen.jpg">
      <Filter>资源文件</Filter>
    </Image>
    <Image Include="casual normal.jpg">
      <Filter>资源文件</Filter>
    </Image>
    <Image Include="fortune test chosen.jpg">
      <Filter>资源文件</Filter>
    </Image>
    <Image Include="fortune test normal.jpg">
      <Filter>资源文件</Filter>
    </Image>
    <Image Include="hard chosen.jpg">
      <Filter>资源文件</Filter>
    </Image>
    <Image Include="icon.ico">
      <Filter>资源文件</Filter>
    </Image>
    <Image Include="minesweeping.ico">
      <Filter>资源文件</Filter>
    </Image>
    <Image Include="wrong_mine.jpg">
      <Filter>资源文件</Filter>
    </Image>
  </ItemGroup>
  <ItemGroup>
    <Media Include="BGM.mp3">
      <Filter>资源文件</Filter>
    </Media>
  </ItemGroup>
  <ItemGroup>
    <ResourceCompile Include="扫雷.rc">
      <Filter>资源文件</Filter>
    </ResourceCompile>
  </ItemGroup>
</Project>